lockfileVersion: '6.0'

settings:
  autoInstallPeers: true
  excludeLinksFromLockfile: false

dependencies:
  '@tarojs/taro':
    specifier: ^3.6.8
    version: 3.6.8
  react:
    specifier: ^18.2.0
    version: 18.2.0

packages:

  /@babel/runtime@7.22.5:
    resolution: {integrity: sha512-ecjvYlnAaZ/KVneE/OdKYBYfgXV3Ptu6zQWmgEF7vwKhQnvVS6bjMD2XYgj+SNvQ1GfK/pjgokfPkC/2CO8CuA==}
    engines: {node: '>=6.9.0'}
    dependencies:
      regenerator-runtime: 0.13.11
    dev: false

  /@tarojs/api@3.6.8:
    resolution: {integrity: sha512-j5bZ9MFbq+TSnV25OSB+ErYLpx9DEN6ptz3uh6fm/O3c1HLGAIqGSDb2GKdx9CFs5FhiIOuw9XWqgAnDXbkqbQ==}
    dependencies:
      '@babel/runtime': 7.22.5
      '@tarojs/runtime': 3.6.8
      '@tarojs/shared': 3.6.8
    dev: false

  /@tarojs/runtime@3.6.8:
    resolution: {integrity: sha512-x1hEHiHDGKYFROaOebKnA0CKK0HPSACw+na2eSsFbzV3S5eLBT8s4ljDvoHwQ72o6ejkQgvu7ajog3qEB2tlcw==}
    dependencies:
      '@tarojs/shared': 3.6.8
      lodash-es: 4.17.21
    dev: false

  /@tarojs/shared@3.6.8:
    resolution: {integrity: sha512-niHYE2+9EtpfiLdJCdXiZ6ZirSNbPu5HaPMSZlRXYf1KzEWiyzGSpn/Cew4M3gbWti101xfVjNKZLTD9NlUmGg==}
    dev: false

  /@tarojs/taro@3.6.8:
    resolution: {integrity: sha512-pylsuFNEExcwgbSx0DYbIvWQe9448PKZmtyDH+gMnfgsV3ZO9eZIhBfXJ/4MzFeFU0lsFAbkTfVsnDuugc+gAw==}
    peerDependencies:
      '@types/react': '*'
      '@types/webpack': '*'
      '@types/webpack-dev-server': '*'
      vue: '*'
    peerDependenciesMeta:
      '@types/react':
        optional: true
      '@types/webpack':
        optional: true
      '@types/webpack-dev-server':
        optional: true
      vue:
        optional: true
    dependencies:
      '@tarojs/api': 3.6.8
      '@tarojs/runtime': 3.6.8
    dev: false

  /js-tokens@4.0.0:
    resolution: {integrity: sha512-RdJUflcE3cUzKiMqQgsCu06FPu9UdIJO0beYbPhHN4k6apgJtifcoCtT9bcxOpYBtpD2kCM6Sbzg4CausW/PKQ==}
    dev: false

  /lodash-es@4.17.21:
    resolution: {integrity: sha512-mKnC+QJ9pWVzv+C4/U3rRsHapFfHvQFoFB92e52xeyGMcX6/OlIl78je1u8vePzYZSkkogMPJ2yjxxsb89cxyw==}
    dev: false

  /loose-envify@1.4.0:
    resolution: {integrity: sha512-lyuxPGr/Wfhrlem2CL/UcnUc1zcqKAImBDzukY7Y5F/yQiNdko6+fRLevlw1HgMySw7f611UIY408EtxRSoK3Q==}
    hasBin: true
    dependencies:
      js-tokens: 4.0.0
    dev: false

  /react@18.2.0:
    resolution: {integrity: sha512-/3IjMdb2L9QbBdWiW5e3P2/npwMBaU9mHCSCUzNln0ZCYbcfTsGbTJrU/kGemdH2IWmB2ioZ+zkxtmq6g09fGQ==}
    engines: {node: '>=0.10.0'}
    dependencies:
      loose-envify: 1.4.0
    dev: false

  /regenerator-runtime@0.13.11:
    resolution: {integrity: sha512-kY1AZVr2Ra+t+piVaJ4gxaFaReZVH40AKNo7UCX6W+dEwBo/2oZJzqfuN1qLq1oL45o56cPaTXELwrTh8Fpggg==}
    dev: false
